# This file is generated by running "yarn install" inside your project.
# Manual changes might be lost - proceed with caution!

__metadata:
  version: 8
  cacheKey: 10c0

"@adraffy/ens-normalize@npm:1.10.1":
  version: 1.10.1
  resolution: "@adraffy/ens-normalize@npm:1.10.1"
  checksum: 10c0/fdd647604e8fac6204921888aaf5a6bc65eabf0d2921bc5f93b64d01f4bc33ead167c1445f7de05468d05cd92ac31b74c68d2be840c62b79d73693308f885c06
  languageName: node
  linkType: hard

"@emnapi/runtime@npm:^1.7.0":
  version: 1.8.1
  resolution: "@emnapi/runtime@npm:1.8.1"
  dependencies:
    tslib: "npm:^2.4.0"
  checksum: 10c0/f4929d75e37aafb24da77d2f58816761fe3f826aad2e37fa6d4421dac9060cbd5098eea1ac3c9ecc4526b89deb58153852fa432f87021dc57863f2ff726d713f
  languageName: node
  linkType: hard

"@img/colour@npm:^1.0.0":
  version: 1.0.0
  resolution: "@img/colour@npm:1.0.0"
  checksum: 10c0/02261719c1e0d7aa5a2d585981954f2ac126f0c432400aa1a01b925aa2c41417b7695da8544ee04fd29eba7ecea8eaf9b8bef06f19dc8faba78f94eeac40667d
  languageName: node
  linkType: hard

"@img/sharp-darwin-arm64@npm:0.34.5":
  version: 0.34.5
  resolution: "@img/sharp-darwin-arm64@npm:0.34.5"
  dependencies:
    "@img/sharp-libvips-darwin-arm64": "npm:1.2.4"
  dependenciesMeta:
    "@img/sharp-libvips-darwin-arm64":
      optional: true
  conditions: os=darwin & cpu=arm64
  languageName: node
  linkType: hard

"@img/sharp-darwin-x64@npm:0.34.5":
  version: 0.34.5
  resolution: "@img/sharp-darwin-x64@npm:0.34.5"
  dependencies:
    "@img/sharp-libvips-darwin-x64": "npm:1.2.4"
  dependenciesMeta:
    "@img/sharp-libvips-darwin-x64":
      optional: true
  conditions: os=darwin & cpu=x64
  languageName: node
  linkType: hard

"@img/sharp-libvips-darwin-arm64@npm:1.2.4":
  version: 1.2.4
  resolution: "@img/sharp-libvips-darwin-arm64@npm:1.2.4"
  conditions: os=darwin & cpu=arm64
  languageName: node
  linkType: hard

"@img/sharp-libvips-darwin-x64@npm:1.2.4":
  version: 1.2.4
  resolution: "@img/sharp-libvips-darwin-x64@npm:1.2.4"
  conditions: os=darwin & cpu=x64
  languageName: node
  linkType: hard

"@img/sharp-libvips-linux-arm64@npm:1.2.4":
  version: 1.2.4
  resolution: "@img/sharp-libvips-linux-arm64@npm:1.2.4"
  conditions: os=linux & cpu=arm64 & libc=glibc
  languageName: node
  linkType: hard

"@img/sharp-libvips-linux-arm@npm:1.2.4":
  version: 1.2.4
  resolution: "@img/sharp-libvips-linux-arm@npm:1.2.4"
  conditions: os=linux & cpu=arm & libc=glibc
  languageName: node
  linkType: hard

"@img/sharp-libvips-linux-ppc64@npm:1.2.4":
  version: 1.2.4
  resolution: "@img/sharp-libvips-linux-ppc64@npm:1.2.4"
  conditions: os=linux & cpu=ppc64 & libc=glibc
  languageName: node
  linkType: hard

"@img/sharp-libvips-linux-riscv64@npm:1.2.4":
  version: 1.2.4
  resolution: "@img/sharp-libvips-linux-riscv64@npm:1.2.4"
  conditions: os=linux & cpu=riscv64 & libc=glibc
  languageName: node
  linkType: hard

"@img/sharp-libvips-linux-s390x@npm:1.2.4":
  version: 1.2.4
  resolution: "@img/sharp-libvips-linux-s390x@npm:1.2.4"
  conditions: os=linux & cpu=s390x & libc=glibc
  languageName: node
  linkType: hard

"@img/sharp-libvips-linux-x64@npm:1.2.4":
  version: 1.2.4
  resolution: "@img/sharp-libvips-linux-x64@npm:1.2.4"
  conditions: os=linux & cpu=x64 & libc=glibc
  languageName: node
  linkType: hard

"@img/sharp-libvips-linuxmusl-arm64@npm:1.2.4":
  version: 1.2.4
  resolution: "@img/sharp-libvips-linuxmusl-arm64@npm:1.2.4"
  conditions: os=linux & cpu=arm64 & libc=musl
  languageName: node
  linkType: hard

"@img/sharp-libvips-linuxmusl-x64@npm:1.2.4":
  version: 1.2.4
  resolution: "@img/sharp-libvips-linuxmusl-x64@npm:1.2.4"
  conditions: os=linux & cpu=x64 & libc=musl
  languageName: node
  linkType: hard

"@img/sharp-linux-arm64@npm:0.34.5":
  version: 0.34.5
  resolution: "@img/sharp-linux-arm64@npm:0.34.5"
  dependencies:
    "@img/sharp-libvips-linux-arm64": "npm:1.2.4"
  dependenciesMeta:
    "@img/sharp-libvips-linux-arm64":
      optional: true
  conditions: os=linux & cpu=arm64 & libc=glibc
  languageName: node
  linkType: hard

"@img/sharp-linux-arm@npm:0.34.5":
  version: 0.34.5
  resolution: "@img/sharp-linux-arm@npm:0.34.5"
  dependencies:
    "@img/sharp-libvips-linux-arm": "npm:1.2.4"
  dependenciesMeta:
    "@img/sharp-libvips-linux-arm":
      optional: true
  conditions: os=linux & cpu=arm & libc=glibc
  languageName: node
  linkType: hard

"@img/sharp-linux-ppc64@npm:0.34.5":
  version: 0.34.5
  resolution: "@img/sharp-linux-ppc64@npm:0.34.5"
  dependencies:
    "@img/sharp-libvips-linux-ppc64": "npm:1.2.4"
  dependenciesMeta:
    "@img/sharp-libvips-linux-ppc64":
      optional: true
  conditions: os=linux & cpu=ppc64 & libc=glibc
  languageName: node
  linkType: hard

"@img/sharp-linux-riscv64@npm:0.34.5":
  version: 0.34.5
  resolution: "@img/sharp-linux-riscv64@npm:0.34.5"
  dependencies:
    "@img/sharp-libvips-linux-riscv64": "npm:1.2.4"
  dependenciesMeta:
    "@img/sharp-libvips-linux-riscv64":
      optional: true
  conditions: os=linux & cpu=riscv64 & libc=glibc
  languageName: node
  linkType: hard

"@img/sharp-linux-s390x@npm:0.34.5":
  version: 0.34.5
  resolution: "@img/sharp-linux-s390x@npm:0.34.5"
  dependencies:
    "@img/sharp-libvips-linux-s390x": "npm:1.2.4"
  dependenciesMeta:
    "@img/sharp-libvips-linux-s390x":
      optional: true
  conditions: os=linux & cpu=s390x & libc=glibc
  languageName: node
  linkType: hard

"@img/sharp-linux-x64@npm:0.34.5":
  version: 0.34.5
  resolution: "@img/sharp-linux-x64@npm:0.34.5"
  dependencies:
    "@img/sharp-libvips-linux-x64": "npm:1.2.4"
  dependenciesMeta:
    "@img/sharp-libvips-linux-x64":
      optional: true
  conditions: os=linux & cpu=x64 & libc=glibc
  languageName: node
  linkType: hard

"@img/sharp-linuxmusl-arm64@npm:0.34.5":
  version: 0.34.5
  resolution: "@img/sharp-linuxmusl-arm64@npm:0.34.5"
  dependencies:
    "@img/sharp-libvips-linuxmusl-arm64": "npm:1.2.4"
  dependenciesMeta:
    "@img/sharp-libvips-linuxmusl-arm64":
      optional: true
  conditions: os=linux & cpu=arm64 & libc=musl
  languageName: node
  linkType: hard

"@img/sharp-linuxmusl-x64@npm:0.34.5":
  version: 0.34.5
  resolution: "@img/sharp-linuxmusl-x64@npm:0.34.5"
  dependencies:
    "@img/sharp-libvips-linuxmusl-x64": "npm:1.2.4"
  dependenciesMeta:
    "@img/sharp-libvips-linuxmusl-x64":
      optional: true
  conditions: os=linux & cpu=x64 & libc=musl
  languageName: node
  linkType: hard

"@img/sharp-wasm32@npm:0.34.5":
  version: 0.34.5
  resolution: "@img/sharp-wasm32@npm:0.34.5"
  dependencies:
    "@emnapi/runtime": "npm:^1.7.0"
  conditions: cpu=wasm32
  languageName: node
  linkType: hard

"@img/sharp-win32-arm64@npm:0.34.5":
  version: 0.34.5
  resolution: "@img/sharp-win32-arm64@npm:0.34.5"
  conditions: os=win32 & cpu=arm64
  languageName: node
  linkType: hard

"@img/sharp-win32-ia32@npm:0.34.5":
  version: 0.34.5
  resolution: "@img/sharp-win32-ia32@npm:0.34.5"
  conditions: os=win32 & cpu=ia32
  languageName: node
  linkType: hard

"@img/sharp-win32-x64@npm:0.34.5":
  version: 0.34.5
  resolution: "@img/sharp-win32-x64@npm:0.34.5"
  conditions: os=win32 & cpu=x64
  languageName: node
  linkType: hard

"@noble/curves@npm:1.2.0":
  version: 1.2.0
  resolution: "@noble/curves@npm:1.2.0"
  dependencies:
    "@noble/hashes": "npm:1.3.2"
  checksum: 10c0/0bac7d1bbfb3c2286910b02598addd33243cb97c3f36f987ecc927a4be8d7d88e0fcb12b0f0ef8a044e7307d1844dd5c49bb724bfa0a79c8ec50ba60768c97f6
  languageName: node
  linkType: hard

"@noble/hashes@npm:1.3.2":
  version: 1.3.2
  resolution: "@noble/hashes@npm:1.3.2"
  checksum: 10c0/2482cce3bce6a596626f94ca296e21378e7a5d4c09597cbc46e65ffacc3d64c8df73111f2265444e36a3168208628258bbbaccba2ef24f65f58b2417638a20e7
  languageName: node
  linkType: hard

"@types/node@npm:22.7.5":
  version: 22.7.5
  resolution: "@types/node@npm:22.7.5"
  dependencies:
    undici-types: "npm:~6.19.2"
  checksum: 10c0/cf11f74f1a26053ec58066616e3a8685b6bcd7259bc569738b8f752009f9f0f7f85a1b2d24908e5b0f752482d1e8b6babdf1fbb25758711ec7bb9500bfcd6e60
  languageName: node
  linkType: hard

"aes-js@npm:4.0.0-beta.5":
  version: 4.0.0-beta.5
  resolution: "aes-js@npm:4.0.0-beta.5"
  checksum: 10c0/444f4eefa1e602cbc4f2a3c644bc990f93fd982b148425fee17634da510586fc09da940dcf8ace1b2d001453c07ff042e55f7a0482b3cc9372bf1ef75479090c
  languageName: node
  linkType: hard

"ansi-regex@npm:^5.0.1":
  version: 5.0.1
  resolution: "ansi-regex@npm:5.0.1"
  checksum: 10c0/9a64bb8627b434ba9327b60c027742e5d17ac69277960d041898596271d992d4d52ba7267a63ca10232e29f6107fc8a835f6ce8d719b88c5f8493f8254813737
  languageName: node
  linkType: hard

"chalk@npm:^5.6.2":
  version: 5.6.2
  resolution: "chalk@npm:5.6.2"
  checksum: 10c0/99a4b0f0e7991796b1e7e3f52dceb9137cae2a9dfc8fc0784a550dc4c558e15ab32ed70b14b21b52beb2679b4892b41a0aa44249bcb996f01e125d58477c6976
  languageName: node
  linkType: hard

"cli-progress@npm:^3.12.0":
  version: 3.12.0
  resolution: "cli-progress@npm:3.12.0"
  dependencies:
    string-width: "npm:^4.2.3"
  checksum: 10c0/f464cb19ebde2f3880620a2adfaeeefaec6cb15c8e610c8a659ca1047ee90d69f3bf2fdabbb1fe33ac408678e882e3e0eecdb84ab5df0edf930b269b8a72682d
  languageName: node
  linkType: hard

"detect-libc@npm:^2.1.2":
  version: 2.1.2
  resolution: "detect-libc@npm:2.1.2"
  checksum: 10c0/acc675c29a5649fa1fb6e255f993b8ee829e510b6b56b0910666949c80c364738833417d0edb5f90e4e46be17228b0f2b66a010513984e18b15deeeac49369c4
  languageName: node
  linkType: hard

"dotenv@npm:^17.2.3":
  version: 17.2.3
  resolution: "dotenv@npm:17.2.3"
  checksum: 10c0/c884403209f713214a1b64d4d1defa4934c2aa5b0002f5a670ae298a51e3c3ad3ba79dfee2f8df49f01ae74290fcd9acdb1ab1d09c7bfb42b539036108bb2ba0
  languageName: node
  linkType: hard

"emoji-regex@npm:^8.0.0":
  version: 8.0.0
  resolution: "emoji-regex@npm:8.0.0"
  checksum: 10c0/b6053ad39951c4cf338f9092d7bfba448cdfd46fe6a2a034700b149ac9ffbc137e361cbd3c442297f86bed2e5f7576c1b54cc0a6bf8ef5106cc62f496af35010
  languageName: node
  linkType: hard

"ethers@npm:^6.16.0":
  version: 6.16.0
  resolution: "ethers@npm:6.16.0"
  dependencies:
    "@adraffy/ens-normalize": "npm:1.10.1"
    "@noble/curves": "npm:1.2.0"
    "@noble/hashes": "npm:1.3.2"
    "@types/node": "npm:22.7.5"
    aes-js: "npm:4.0.0-beta.5"
    tslib: "npm:2.7.0"
    ws: "npm:8.17.1"
  checksum: 10c0/65c0ff7016b1592b1961c3b68508902b89fc75e1ad025bab3a722df1b5699fd077551875a7285e65b2d0cfea9a85b2459bb84010a0fa4e4494d231848aee3a73
  languageName: node
  linkType: hard

"is-fullwidth-code-point@npm:^3.0.0":
  version: 3.0.0
  resolution: "is-fullwidth-code-point@npm:3.0.0"
  checksum: 10c0/bb11d825e049f38e04c06373a8d72782eee0205bda9d908cc550ccb3c59b99d750ff9537982e01733c1c94a58e35400661f57042158ff5e8f3e90cf936daf0fc
  languageName: node
  linkType: hard

"root-workspace-0b6124@workspace:.":
  version: 0.0.0-use.local
  resolution: "root-workspace-0b6124@workspace:."
  dependencies:
    chalk: "npm:^5.6.2"
    cli-progress: "npm:^3.12.0"
    dotenv: "npm:^17.2.3"
    ethers: "npm:^6.16.0"
    sharp: "npm:^0.34.5"
  languageName: unknown
  linkType: soft

"semver@npm:^7.7.3":
  version: 7.7.3
  resolution: "semver@npm:7.7.3"
  bin:
    semver: bin/semver.js
  checksum: 10c0/4afe5c986567db82f44c8c6faef8fe9df2a9b1d98098fc1721f57c696c4c21cebd572f297fc21002f81889492345b8470473bc6f4aff5fb032a6ea59ea2bc45e
  languageName: node
  linkType: hard

"sharp@npm:^0.34.5":
  version: 0.34.5
  resolution: "sharp@npm:0.34.5"
  dependencies:
    "@img/colour": "npm:^1.0.0"
    "@img/sharp-darwin-arm64": "npm:0.34.5"
    "@img/sharp-darwin-x64": "npm:0.34.5"
    "@img/sharp-libvips-darwin-arm64": "npm:1.2.4"
    "@img/sharp-libvips-darwin-x64": "npm:1.2.4"
    "@img/sharp-libvips-linux-arm": "npm:1.2.4"
    "@img/sharp-libvips-linux-arm64": "npm:1.2.4"
    "@img/sharp-libvips-linux-ppc64": "npm:1.2.4"
    "@img/sharp-libvips-linux-riscv64": "npm:1.2.4"
    "@img/sharp-libvips-linux-s390x": "npm:1.2.4"
    "@img/sharp-libvips-linux-x64": "npm:1.2.4"
    "@img/sharp-libvips-linuxmusl-arm64": "npm:1.2.4"
    "@img/sharp-libvips-linuxmusl-x64": "npm:1.2.4"
    "@img/sharp-linux-arm": "npm:0.34.5"
    "@img/sharp-linux-arm64": "npm:0.34.5"
    "@img/sharp-linux-ppc64": "npm:0.34.5"
    "@img/sharp-linux-riscv64": "npm:0.34.5"
    "@img/sharp-linux-s390x": "npm:0.34.5"
    "@img/sharp-linux-x64": "npm:0.34.5"
    "@img/sharp-linuxmusl-arm64": "npm:0.34.5"
    "@img/sharp-linuxmusl-x64": "npm:0.34.5"
    "@img/sharp-wasm32": "npm:0.34.5"
    "@img/sharp-win32-arm64": "npm:0.34.5"
    "@img/sharp-win32-ia32": "npm:0.34.5"
    "@img/sharp-win32-x64": "npm:0.34.5"
    detect-libc: "npm:^2.1.2"
    semver: "npm:^7.7.3"
  dependenciesMeta:
    "@img/sharp-darwin-arm64":
      optional: true
    "@img/sharp-darwin-x64":
      optional: true
    "@img/sharp-libvips-darwin-arm64":
      optional: true
    "@img/sharp-libvips-darwin-x64":
      optional: true
    "@img/sharp-libvips-linux-arm":
      optional: true
    "@img/sharp-libvips-linux-arm64":
      optional: true
    "@img/sharp-libvips-linux-ppc64":
      optional: true
    "@img/sharp-libvips-linux-riscv64":
      optional: true
    "@img/sharp-libvips-linux-s390x":
      optional: true
    "@img/sharp-libvips-linux-x64":
      optional: true
    "@img/sharp-libvips-linuxmusl-arm64":
      optional: true
    "@img/sharp-libvips-linuxmusl-x64":
      optional: true
    "@img/sharp-linux-arm":
      optional: true
    "@img/sharp-linux-arm64":
      optional: true
    "@img/sharp-linux-ppc64":
      optional: true
    "@img/sharp-linux-riscv64":
      optional: true
    "@img/sharp-linux-s390x":
      optional: true
    "@img/sharp-linux-x64":
      optional: true
    "@img/sharp-linuxmusl-arm64":
      optional: true
    "@img/sharp-linuxmusl-x64":
      optional: true
    "@img/sharp-wasm32":
      optional: true
    "@img/sharp-win32-arm64":
      optional: true
    "@img/sharp-win32-ia32":
      optional: true
    "@img/sharp-win32-x64":
      optional: true
  checksum: 10c0/fd79e29df0597a7d5704b8461c51f944ead91a5243691697be6e8243b966402beda53ddc6f0a53b96ea3cb8221f0b244aa588114d3ebf8734fb4aefd41ab802f
  languageName: node
  linkType: hard

"string-width@npm:^4.2.3":
  version: 4.2.3
  resolution: "string-width@npm:4.2.3"
  dependencies:
    emoji-regex: "npm:^8.0.0"
    is-fullwidth-code-point: "npm:^3.0.0"
    strip-ansi: "npm:^6.0.1"
  checksum: 10c0/1e525e92e5eae0afd7454086eed9c818ee84374bb80328fc41217ae72ff5f065ef1c9d7f72da41de40c75fa8bb3dee63d92373fd492c84260a552c636392a47b
  languageName: node
  linkType: hard

"strip-ansi@npm:^6.0.1":
  version: 6.0.1
  resolution: "strip-ansi@npm:6.0.1"
  dependencies:
    ansi-regex: "npm:^5.0.1"
  checksum: 10c0/1ae5f212a126fe5b167707f716942490e3933085a5ff6c008ab97ab2f272c8025d3aa218b7bd6ab25729ca20cc81cddb252102f8751e13482a5199e873680952
  languageName: node
  linkType: hard

"tslib@npm:2.7.0, tslib@npm:^2.4.0":
  version: 2.7.0
  resolution: "tslib@npm:2.7.0"
  checksum: 10c0/469e1d5bf1af585742128827000711efa61010b699cb040ab1800bcd3ccdd37f63ec30642c9e07c4439c1db6e46345582614275daca3e0f4abae29b0083f04a6
  languageName: node
  linkType: hard

"undici-types@npm:~6.19.2":
  version: 6.19.8
  resolution: "undici-types@npm:6.19.8"
  checksum: 10c0/078afa5990fba110f6824823ace86073b4638f1d5112ee26e790155f481f2a868cc3e0615505b6f4282bdf74a3d8caad715fd809e870c2bb0704e3ea6082f344
  languageName: node
  linkType: hard

"ws@npm:8.17.1":
  version: 8.17.1
  resolution: "ws@npm:8.17.1"
  peerDependencies:
    bufferutil: ^4.0.1
    utf-8-validate: ">=5.0.2"
  peerDependenciesMeta:
    bufferutil:
      optional: true
    utf-8-validate:
      optional: true
  checksum: 10c0/f4a49064afae4500be772abdc2211c8518f39e1c959640457dcee15d4488628620625c783902a52af2dd02f68558da2868fd06e6fd0e67ebcd09e6881b1b5bfe
  languageName: node
  linkType: hard
